
Microsoft Visual Studio Solution File, Format Version 12.00
# Visual Studio Version 17
VisualStudioVersion = 17.9.34728.123
MinimumVisualStudioVersion = 10.0.40219.1
Project("{FAE04EC0-301F-11D3-BF4B-00C04F79EFBC}") = "ExcelAddIn1", "ExcelAddIn1.csproj", "{662A2377-845F-47EE-9221-CCFA3094BE8A}"
EndProject
Global
	GlobalSection(SolutionConfigurationPlatforms) = preSolution
		Debug|Any CPU = Debug|Any CPU
		Release|Any CPU = Release|Any CPU
	EndGlobalSection
	GlobalSection(ProjectConfigurationPlatforms) = postSolution
		{662A2377-845F-47EE-9221-CCFA3094BE8A}.Debug|Any CPU.ActiveCfg = Debug|Any CPU
		{662A2377-845F-47EE-9221-CCFA3094BE8A}.Debug|Any CPU.Build.0 = Debug|Any CPU
		{662A2377-845F-47EE-9221-CCFA3094BE8A}.Release|Any CPU.ActiveCfg = Release|Any CPU
		{662A2377-845F-47EE-9221-CCFA3094BE8A}.Release|Any CPU.Build.0 = Release|Any CPU
	EndGlobalSection
	GlobalSection(SolutionProperties) = preSolution
		HideSolutionNode = FALSE
	EndGlobalSection
	GlobalSection(ExtensibilityGlobals) = postSolution
		SolutionGuid = {F7CC1433-F4B4-46DA-983C-07C2BA2A8B6B}
	EndGlobalSection
EndGlobal
